// !$*UTF8*$!
{
	archiveVersion = 1;
	classes = {
	};
	objectVersion = 52;
	objects = {

/* Begin PBXBuildFile section */
		603F0A9A25F7AF860045AAD4 /* CardView.swift in Sources */ = {isa = PBXBuildFile; fileRef = 603F0A9925F7AF860045AAD4 /* CardView.swift */; };
		603F0A9F25F7CDE60045AAD4 /* DraftFile.swift in Sources */ = {isa = PBXBuildFile; fileRef = 603F0A9E25F7CDE60045AAD4 /* DraftFile.swift */; };
		603F0AA525F7F1F00045AAD4 /* Kingfisher in Frameworks */ = {isa = PBXBuildFile; productRef = 603F0AA425F7F1F00045AAD4 /* Kingfisher */; };
		6069BABC25FCF3570015C454 /* NewsUseCase.swift in Sources */ = {isa = PBXBuildFile; fileRef = 6069BABB25FCF3570015C454 /* NewsUseCase.swift */; };
		6069BAC825FE3CF40015C454 /* Spinner.swift in Sources */ = {isa = PBXBuildFile; fileRef = 6069BAC725FE3CF40015C454 /* Spinner.swift */; };
		6069BAD125FE4AB30015C454 /* State.swift in Sources */ = {isa = PBXBuildFile; fileRef = 6069BAD025FE4AB30015C454 /* State.swift */; };
		6069BAD925FE4B7F0015C454 /* Resource+News.swift in Sources */ = {isa = PBXBuildFile; fileRef = 6069BAD825FE4B7F0015C454 /* Resource+News.swift */; };
		6069BAE125FE4D0A0015C454 /* ApiConstants.swift in Sources */ = {isa = PBXBuildFile; fileRef = 6069BAE025FE4D0A0015C454 /* ApiConstants.swift */; };
		6069BAEB25FE68CF0015C454 /* NewsDetails.swift in Sources */ = {isa = PBXBuildFile; fileRef = 6069BAEA25FE68CF0015C454 /* NewsDetails.swift */; };
		60730B4D25FF5CD7005979B3 /* DiscriptionContentView.swift in Sources */ = {isa = PBXBuildFile; fileRef = 60730B4C25FF5CD7005979B3 /* DiscriptionContentView.swift */; };
		60730B5225FF6042005979B3 /* ImageContentView.swift in Sources */ = {isa = PBXBuildFile; fileRef = 60730B5125FF6042005979B3 /* ImageContentView.swift */; };
		60730B5725FF68DA005979B3 /* NewsDetailsViewModel.swift in Sources */ = {isa = PBXBuildFile; fileRef = 60730B5625FF68DA005979B3 /* NewsDetailsViewModel.swift */; };
		60730B6625FF77EC005979B3 /* PullToRefreshView.swift in Sources */ = {isa = PBXBuildFile; fileRef = 60730B6525FF77EC005979B3 /* PullToRefreshView.swift */; };
		60A9E30725F6478D00FA27C5 /* NewsAppApp.swift in Sources */ = {isa = PBXBuildFile; fileRef = 60A9E30625F6478D00FA27C5 /* NewsAppApp.swift */; };
		60A9E30925F6478D00FA27C5 /* ContentView.swift in Sources */ = {isa = PBXBuildFile; fileRef = 60A9E30825F6478D00FA27C5 /* ContentView.swift */; };
		60A9E30B25F6478F00FA27C5 /* Assets.xcassets in Resources */ = {isa = PBXBuildFile; fileRef = 60A9E30A25F6478F00FA27C5 /* Assets.xcassets */; };
		60A9E30E25F6478F00FA27C5 /* Preview Assets.xcassets in Resources */ = {isa = PBXBuildFile; fileRef = 60A9E30D25F6478F00FA27C5 /* Preview Assets.xcassets */; };
		60A9E39C25F6519E00FA27C5 /* Assets.swift in Sources */ = {isa = PBXBuildFile; fileRef = 60A9E39B25F6519E00FA27C5 /* Assets.swift */; };
		60A9E3A425F67BE700FA27C5 /* NetworkServiceType.swift in Sources */ = {isa = PBXBuildFile; fileRef = 60A9E3A325F67BE700FA27C5 /* NetworkServiceType.swift */; };
		60A9E3AD25F67C3100FA27C5 /* Resource.swift in Sources */ = {isa = PBXBuildFile; fileRef = 60A9E3AC25F67C3100FA27C5 /* Resource.swift */; };
		60A9E3BA25F67C5100FA27C5 /* NetworkService.swift in Sources */ = {isa = PBXBuildFile; fileRef = 60A9E3B925F67C5100FA27C5 /* NetworkService.swift */; };
		60A9E3C025F67E5300FA27C5 /* Publisher+Utils.swift in Sources */ = {isa = PBXBuildFile; fileRef = 60A9E3BF25F67E5300FA27C5 /* Publisher+Utils.swift */; };
		60A9E3D225F6C8CD00FA27C5 /* NewsListViewModel.swift in Sources */ = {isa = PBXBuildFile; fileRef = 60A9E3D125F6C8CD00FA27C5 /* NewsListViewModel.swift */; };
		60A9E3D825F6CA3500FA27C5 /* News.swift in Sources */ = {isa = PBXBuildFile; fileRef = 60A9E3D725F6CA3500FA27C5 /* News.swift */; };
/* End PBXBuildFile section */

/* Begin PBXContainerItemProxy section */
		60A9E31525F6478F00FA27C5 /* PBXContainerItemProxy */ = {
			isa = PBXContainerItemProxy;
			containerPortal = 60A9E2FB25F6478D00FA27C5 /* Project object */;
			proxyType = 1;
			remoteGlobalIDString = 60A9E30225F6478D00FA27C5;
			remoteInfo = NewsApp;
		};
		60A9E32025F6478F00FA27C5 /* PBXContainerItemProxy */ = {
			isa = PBXContainerItemProxy;
			containerPortal = 60A9E2FB25F6478D00FA27C5 /* Project object */;
			proxyType = 1;
			remoteGlobalIDString = 60A9E30225F6478D00FA27C5;
			remoteInfo = NewsApp;
		};
/* End PBXContainerItemProxy section */

/* Begin PBXFileReference section */
		603F0A9925F7AF860045AAD4 /* CardView.swift */ = {isa = PBXFileReference; lastKnownFileType = sourcecode.swift; path = CardView.swift; sourceTree = "<group>"; };
		603F0A9E25F7CDE60045AAD4 /* DraftFile.swift */ = {isa = PBXFileReference; lastKnownFileType = sourcecode.swift; path = DraftFile.swift; sourceTree = "<group>"; };
		6069BABB25FCF3570015C454 /* NewsUseCase.swift */ = {isa = PBXFileReference; lastKnownFileType = sourcecode.swift; path = NewsUseCase.swift; sourceTree = "<group>"; };
		6069BAC725FE3CF40015C454 /* Spinner.swift */ = {isa = PBXFileReference; lastKnownFileType = sourcecode.swift; path = Spinner.swift; sourceTree = "<group>"; };
		6069BAD025FE4AB30015C454 /* State.swift */ = {isa = PBXFileReference; lastKnownFileType = sourcecode.swift; path = State.swift; sourceTree = "<group>"; };
		6069BAD825FE4B7F0015C454 /* Resource+News.swift */ = {isa = PBXFileReference; lastKnownFileType = sourcecode.swift; path = "Resource+News.swift"; sourceTree = "<group>"; };
		6069BAE025FE4D0A0015C454 /* ApiConstants.swift */ = {isa = PBXFileReference; lastKnownFileType = sourcecode.swift; path = ApiConstants.swift; sourceTree = "<group>"; };
		6069BAEA25FE68CF0015C454 /* NewsDetails.swift */ = {isa = PBXFileReference; lastKnownFileType = sourcecode.swift; path = NewsDetails.swift; sourceTree = "<group>"; };
		60730B4C25FF5CD7005979B3 /* DiscriptionContentView.swift */ = {isa = PBXFileReference; lastKnownFileType = sourcecode.swift; path = DiscriptionContentView.swift; sourceTree = "<group>"; };
		60730B5125FF6042005979B3 /* ImageContentView.swift */ = {isa = PBXFileReference; lastKnownFileType = sourcecode.swift; path = ImageContentView.swift; sourceTree = "<group>"; };
		60730B5625FF68DA005979B3 /* NewsDetailsViewModel.swift */ = {isa = PBXFileReference; lastKnownFileType = sourcecode.swift; path = NewsDetailsViewModel.swift; sourceTree = "<group>"; };
		60730B6525FF77EC005979B3 /* PullToRefreshView.swift */ = {isa = PBXFileReference; lastKnownFileType = sourcecode.swift; path = PullToRefreshView.swift; sourceTree = "<group>"; };
		60A9E30325F6478D00FA27C5 /* NewsApp.app */ = {isa = PBXFileReference; explicitFileType = wrapper.application; includeInIndex = 0; path = NewsApp.app; sourceTree = BUILT_PRODUCTS_DIR; };
		60A9E30625F6478D00FA27C5 /* NewsAppApp.swift */ = {isa = PBXFileReference; lastKnownFileType = sourcecode.swift; path = NewsAppApp.swift; sourceTree = "<group>"; };
		60A9E30825F6478D00FA27C5 /* ContentView.swift */ = {isa = PBXFileReference; lastKnownFileType = sourcecode.swift; path = ContentView.swift; sourceTree = "<group>"; };
		60A9E30A25F6478F00FA27C5 /* Assets.xcassets */ = {isa = PBXFileReference; lastKnownFileType = folder.assetcatalog; path = Assets.xcassets; sourceTree = "<group>"; };
		60A9E30D25F6478F00FA27C5 /* Preview Assets.xcassets */ = {isa = PBXFileReference; lastKnownFileType = folder.assetcatalog; path = "Preview Assets.xcassets"; sourceTree = "<group>"; };
		60A9E30F25F6478F00FA27C5 /* Info.plist */ = {isa = PBXFileReference; lastKnownFileType = text.plist.xml; path = Info.plist; sourceTree = "<group>"; };
		60A9E31425F6478F00FA27C5 /* NewsAppTests.xctest */ = {isa = PBXFileReference; explicitFileType = wrapper.cfbundle; includeInIndex = 0; path = NewsAppTests.xctest; sourceTree = BUILT_PRODUCTS_DIR; };
		60A9E31A25F6478F00FA27C5 /* Info.plist */ = {isa = PBXFileReference; lastKnownFileType = text.plist.xml; path = Info.plist; sourceTree = "<group>"; };
		60A9E31F25F6478F00FA27C5 /* NewsAppUITests.xctest */ = {isa = PBXFileReference; explicitFileType = wrapper.cfbundle; includeInIndex = 0; path = NewsAppUITests.xctest; sourceTree = BUILT_PRODUCTS_DIR; };
		60A9E32525F6478F00FA27C5 /* Info.plist */ = {isa = PBXFileReference; lastKnownFileType = text.plist.xml; path = Info.plist; sourceTree = "<group>"; };
		60A9E39B25F6519E00FA27C5 /* Assets.swift */ = {isa = PBXFileReference; fileEncoding = 4; lastKnownFileType = sourcecode.swift; path = Assets.swift; sourceTree = "<group>"; };
		60A9E3A325F67BE700FA27C5 /* NetworkServiceType.swift */ = {isa = PBXFileReference; lastKnownFileType = sourcecode.swift; path = NetworkServiceType.swift; sourceTree = "<group>"; };
		60A9E3AC25F67C3100FA27C5 /* Resource.swift */ = {isa = PBXFileReference; lastKnownFileType = sourcecode.swift; path = Resource.swift; sourceTree = "<group>"; };
		60A9E3B925F67C5100FA27C5 /* NetworkService.swift */ = {isa = PBXFileReference; lastKnownFileType = sourcecode.swift; path = NetworkService.swift; sourceTree = "<group>"; };
		60A9E3BF25F67E5300FA27C5 /* Publisher+Utils.swift */ = {isa = PBXFileReference; lastKnownFileType = sourcecode.swift; path = "Publisher+Utils.swift"; sourceTree = "<group>"; };
		60A9E3D125F6C8CD00FA27C5 /* NewsListViewModel.swift */ = {isa = PBXFileReference; lastKnownFileType = sourcecode.swift; path = NewsListViewModel.swift; sourceTree = "<group>"; };
		60A9E3D725F6CA3500FA27C5 /* News.swift */ = {isa = PBXFileReference; lastKnownFileType = sourcecode.swift; path = News.swift; sourceTree = "<group>"; };
/* End PBXFileReference section */

/* Begin PBXFrameworksBuildPhase section */
		60A9E30025F6478D00FA27C5 /* Frameworks */ = {
			isa = PBXFrameworksBuildPhase;
			buildActionMask = 2147483647;
			files = (
				603F0AA525F7F1F00045AAD4 /* Kingfisher in Frameworks */,
			);
			runOnlyForDeploymentPostprocessing = 0;
		};
		60A9E31125F6478F00FA27C5 /* Frameworks */ = {
			isa = PBXFrameworksBuildPhase;
			buildActionMask = 2147483647;
			files = (
			);
			runOnlyForDeploymentPostprocessing = 0;
		};
		60A9E31C25F6478F00FA27C5 /* Frameworks */ = {
			isa = PBXFrameworksBuildPhase;
			buildActionMask = 2147483647;
			files = (
			);
			runOnlyForDeploymentPostprocessing = 0;
		};
/* End PBXFrameworksBuildPhase section */

/* Begin PBXGroup section */
		6069BAA425FCF0600015C454 /* NewsListScene */ = {
			isa = PBXGroup;
			children = (
				60A9E3CF25F6C89F00FA27C5 /* View */,
				60A9E3D025F6C8A500FA27C5 /* ViewModel */,
			);
			path = NewsListScene;
			sourceTree = "<group>";
		};
		6069BAAE25FCF15E0015C454 /* UseCases */ = {
			isa = PBXGroup;
			children = (
				6069BABB25FCF3570015C454 /* NewsUseCase.swift */,
				60A9E3D625F6CA2700FA27C5 /* Entities */,
				6069BAD825FE4B7F0015C454 /* Resource+News.swift */,
			);
			path = UseCases;
			sourceTree = "<group>";
		};
		6069BACE25FE4A9E0015C454 /* Tools */ = {
			isa = PBXGroup;
			children = (
				6069BAD025FE4AB30015C454 /* State.swift */,
			);
			path = Tools;
			sourceTree = "<group>";
		};
		6069BACF25FE4AA50015C454 /* CustomViews */ = {
			isa = PBXGroup;
			children = (
				6069BAC725FE3CF40015C454 /* Spinner.swift */,
				60730B4C25FF5CD7005979B3 /* DiscriptionContentView.swift */,
				60730B5125FF6042005979B3 /* ImageContentView.swift */,
				60730B6525FF77EC005979B3 /* PullToRefreshView.swift */,
			);
			path = CustomViews;
			sourceTree = "<group>";
		};
		6069BAE825FE68790015C454 /* NewsDetails */ = {
			isa = PBXGroup;
			children = (
				6069BAE925FE68BF0015C454 /* View */,
				60730B5B25FF68DE005979B3 /* ViewModel */,
			);
			path = NewsDetails;
			sourceTree = "<group>";
		};
		6069BAE925FE68BF0015C454 /* View */ = {
			isa = PBXGroup;
			children = (
				6069BAEA25FE68CF0015C454 /* NewsDetails.swift */,
			);
			path = View;
			sourceTree = "<group>";
		};
		60730B5B25FF68DE005979B3 /* ViewModel */ = {
			isa = PBXGroup;
			children = (
				60730B5625FF68DA005979B3 /* NewsDetailsViewModel.swift */,
			);
			path = ViewModel;
			sourceTree = "<group>";
		};
		60A9E2FA25F6478D00FA27C5 = {
			isa = PBXGroup;
			children = (
				60A9E30525F6478D00FA27C5 /* NewsApp */,
				60A9E31725F6478F00FA27C5 /* NewsAppTests */,
				60A9E32225F6478F00FA27C5 /* NewsAppUITests */,
				60A9E30425F6478D00FA27C5 /* Products */,
			);
			sourceTree = "<group>";
		};
		60A9E30425F6478D00FA27C5 /* Products */ = {
			isa = PBXGroup;
			children = (
				60A9E30325F6478D00FA27C5 /* NewsApp.app */,
				60A9E31425F6478F00FA27C5 /* NewsAppTests.xctest */,
				60A9E31F25F6478F00FA27C5 /* NewsAppUITests.xctest */,
			);
			name = Products;
			sourceTree = "<group>";
		};
		60A9E30525F6478D00FA27C5 /* NewsApp */ = {
			isa = PBXGroup;
			children = (
				60A9E34425F64D9700FA27C5 /* Resources */,
				6069BAAE25FCF15E0015C454 /* UseCases */,
				60A9E3CE25F6C87C00FA27C5 /* Scenes */,
				60A9E3A225F67B6900FA27C5 /* Services */,
				60A9E30625F6478D00FA27C5 /* NewsAppApp.swift */,
				60A9E30F25F6478F00FA27C5 /* Info.plist */,
				60A9E30C25F6478F00FA27C5 /* Preview Content */,
			);
			path = NewsApp;
			sourceTree = "<group>";
		};
		60A9E30C25F6478F00FA27C5 /* Preview Content */ = {
			isa = PBXGroup;
			children = (
				60A9E30D25F6478F00FA27C5 /* Preview Assets.xcassets */,
			);
			path = "Preview Content";
			sourceTree = "<group>";
		};
		60A9E31725F6478F00FA27C5 /* NewsAppTests */ = {
			isa = PBXGroup;
			children = (
				60A9E31A25F6478F00FA27C5 /* Info.plist */,
			);
			path = NewsAppTests;
			sourceTree = "<group>";
		};
		60A9E32225F6478F00FA27C5 /* NewsAppUITests */ = {
			isa = PBXGroup;
			children = (
				60A9E32525F6478F00FA27C5 /* Info.plist */,
			);
			path = NewsAppUITests;
			sourceTree = "<group>";
		};
		60A9E34425F64D9700FA27C5 /* Resources */ = {
			isa = PBXGroup;
			children = (
				6069BACF25FE4AA50015C454 /* CustomViews */,
				6069BACE25FE4A9E0015C454 /* Tools */,
				60A9E30A25F6478F00FA27C5 /* Assets.xcassets */,
				60A9E34525F64DA900FA27C5 /* Generated */,
				603F0A9E25F7CDE60045AAD4 /* DraftFile.swift */,
			);
			path = Resources;
			sourceTree = "<group>";
		};
		60A9E34525F64DA900FA27C5 /* Generated */ = {
			isa = PBXGroup;
			children = (
				60A9E39B25F6519E00FA27C5 /* Assets.swift */,
			);
			path = Generated;
			sourceTree = "<group>";
		};
		60A9E3A225F67B6900FA27C5 /* Services */ = {
			isa = PBXGroup;
			children = (
				60A9E3CA25F67E8500FA27C5 /* Networking */,
				60A9E3BE25F67E4300FA27C5 /* Utils */,
			);
			path = Services;
			sourceTree = "<group>";
		};
		60A9E3BE25F67E4300FA27C5 /* Utils */ = {
			isa = PBXGroup;
			children = (
				60A9E3BF25F67E5300FA27C5 /* Publisher+Utils.swift */,
			);
			path = Utils;
			sourceTree = "<group>";
		};
		60A9E3CA25F67E8500FA27C5 /* Networking */ = {
			isa = PBXGroup;
			children = (
				60A9E3A325F67BE700FA27C5 /* NetworkServiceType.swift */,
				60A9E3AC25F67C3100FA27C5 /* Resource.swift */,
				60A9E3B925F67C5100FA27C5 /* NetworkService.swift */,
				6069BAE025FE4D0A0015C454 /* ApiConstants.swift */,
			);
			path = Networking;
			sourceTree = "<group>";
		};
		60A9E3CE25F6C87C00FA27C5 /* Scenes */ = {
			isa = PBXGroup;
			children = (
				6069BAA425FCF0600015C454 /* NewsListScene */,
				6069BAE825FE68790015C454 /* NewsDetails */,
			);
			path = Scenes;
			sourceTree = "<group>";
		};
		60A9E3CF25F6C89F00FA27C5 /* View */ = {
			isa = PBXGroup;
			children = (
				603F0A9925F7AF860045AAD4 /* CardView.swift */,
				60A9E30825F6478D00FA27C5 /* ContentView.swift */,
			);
			path = View;
			sourceTree = "<group>";
		};
		60A9E3D025F6C8A500FA27C5 /* ViewModel */ = {
			isa = PBXGroup;
			children = (
				60A9E3D125F6C8CD00FA27C5 /* NewsListViewModel.swift */,
			);
			path = ViewModel;
			sourceTree = "<group>";
		};
		60A9E3D625F6CA2700FA27C5 /* Entities */ = {
			isa = PBXGroup;
			children = (
				60A9E3D725F6CA3500FA27C5 /* News.swift */,
			);
			path = Entities;
			sourceTree = "<group>";
		};
/* End PBXGroup section */

/* Begin PBXNativeTarget section */
		60A9E30225F6478D00FA27C5 /* NewsApp */ = {
			isa = PBXNativeTarget;
			buildConfigurationList = 60A9E32825F6478F00FA27C5 /* Build configuration list for PBXNativeTarget "NewsApp" */;
			buildPhases = (
				60A9E34A25F64E8100FA27C5 /* Swift Gen */,
				60A9E33425F6494300FA27C5 /* Swift Lint */,
				60A9E2FF25F6478D00FA27C5 /* Sources */,
				60A9E30025F6478D00FA27C5 /* Frameworks */,
				60A9E30125F6478D00FA27C5 /* Resources */,
			);
			buildRules = (
			);
			dependencies = (
			);
			name = NewsApp;
			packageProductDependencies = (
				603F0AA425F7F1F00045AAD4 /* Kingfisher */,
			);
			productName = NewsApp;
			productReference = 60A9E30325F6478D00FA27C5 /* NewsApp.app */;
			productType = "com.apple.product-type.application";
		};
		60A9E31325F6478F00FA27C5 /* NewsAppTests */ = {
			isa = PBXNativeTarget;
			buildConfigurationList = 60A9E32B25F6478F00FA27C5 /* Build configuration list for PBXNativeTarget "NewsAppTests" */;
			buildPhases = (
				60A9E31025F6478F00FA27C5 /* Sources */,
				60A9E31125F6478F00FA27C5 /* Frameworks */,
				60A9E31225F6478F00FA27C5 /* Resources */,
			);
			buildRules = (
			);
			dependencies = (
				60A9E31625F6478F00FA27C5 /* PBXTargetDependency */,
			);
			name = NewsAppTests;
			productName = NewsAppTests;
			productReference = 60A9E31425F6478F00FA27C5 /* NewsAppTests.xctest */;
			productType = "com.apple.product-type.bundle.unit-test";
		};
		60A9E31E25F6478F00FA27C5 /* NewsAppUITests */ = {
			isa = PBXNativeTarget;
			buildConfigurationList = 60A9E32E25F6478F00FA27C5 /* Build configuration list for PBXNativeTarget "NewsAppUITests" */;
			buildPhases = (
				60A9E31B25F6478F00FA27C5 /* Sources */,
				60A9E31C25F6478F00FA27C5 /* Frameworks */,
				60A9E31D25F6478F00FA27C5 /* Resources */,
			);
			buildRules = (
			);
			dependencies = (
				60A9E32125F6478F00FA27C5 /* PBXTargetDependency */,
			);
			name = NewsAppUITests;
			productName = NewsAppUITests;
			productReference = 60A9E31F25F6478F00FA27C5 /* NewsAppUITests.xctest */;
			productType = "com.apple.product-type.bundle.ui-testing";
		};
/* End PBXNativeTarget section */

/* Begin PBXProject section */
		60A9E2FB25F6478D00FA27C5 /* Project object */ = {
			isa = PBXProject;
			attributes = {
				LastSwiftUpdateCheck = 1230;
				LastUpgradeCheck = 1230;
				TargetAttributes = {
					60A9E30225F6478D00FA27C5 = {
						CreatedOnToolsVersion = 12.3;
					};
					60A9E31325F6478F00FA27C5 = {
						CreatedOnToolsVersion = 12.3;
						TestTargetID = 60A9E30225F6478D00FA27C5;
					};
					60A9E31E25F6478F00FA27C5 = {
						CreatedOnToolsVersion = 12.3;
						TestTargetID = 60A9E30225F6478D00FA27C5;
					};
				};
			};
			buildConfigurationList = 60A9E2FE25F6478D00FA27C5 /* Build configuration list for PBXProject "NewsApp" */;
			compatibilityVersion = "Xcode 9.3";
			developmentRegion = en;
			hasScannedForEncodings = 0;
			knownRegions = (
				en,
				Base,
			);
			mainGroup = 60A9E2FA25F6478D00FA27C5;
			packageReferences = (
				603F0AA325F7F1F00045AAD4 /* XCRemoteSwiftPackageReference "Kingfisher" */,
			);
			productRefGroup = 60A9E30425F6478D00FA27C5 /* Products */;
			projectDirPath = "";
			projectRoot = "";
			targets = (
				60A9E30225F6478D00FA27C5 /* NewsApp */,
				60A9E31325F6478F00FA27C5 /* NewsAppTests */,
				60A9E31E25F6478F00FA27C5 /* NewsAppUITests */,
			);
		};
/* End PBXProject section */

/* Begin PBXResourcesBuildPhase section */
		60A9E30125F6478D00FA27C5 /* Resources */ = {
			isa = PBXResourcesBuildPhase;
			buildActionMask = 2147483647;
			files = (
				60A9E30E25F6478F00FA27C5 /* Preview Assets.xcassets in Resources */,
				60A9E30B25F6478F00FA27C5 /* Assets.xcassets in Resources */,
			);
			runOnlyForDeploymentPostprocessing = 0;
		};
		60A9E31225F6478F00FA27C5 /* Resources */ = {
			isa = PBXResourcesBuildPhase;
			buildActionMask = 2147483647;
			files = (
			);
			runOnlyForDeploymentPostprocessing = 0;
		};
		60A9E31D25F6478F00FA27C5 /* Resources */ = {
			isa = PBXResourcesBuildPhase;
			buildActionMask = 2147483647;
			files = (
			);
			runOnlyForDeploymentPostprocessing = 0;
		};
/* End PBXResourcesBuildPhase section */

/* Begin PBXShellScriptBuildPhase section */
		60A9E33425F6494300FA27C5 /* Swift Lint */ = {
			isa = PBXShellScriptBuildPhase;
			buildActionMask = 2147483647;
			files = (
			);
			inputFileListPaths = (
			);
			inputPaths = (
			);
			name = "Swift Lint";
			outputFileListPaths = (
			);
			outputPaths = (
			);
			runOnlyForDeploymentPostprocessing = 0;
			shellPath = /bin/sh;
			shellScript = "# Type a script or drag a script file from your workspace to insert its path.\n\nif which swiftlint >/dev/null; then\n  swiftlint\nelse\n  echo \"warning: SwiftLint not installed, download from https://github.com/realm/SwiftLint\"\nfi\n";
		};
		60A9E34A25F64E8100FA27C5 /* Swift Gen */ = {
			isa = PBXShellScriptBuildPhase;
			buildActionMask = 2147483647;
			files = (
			);
			inputFileListPaths = (
			);
			inputPaths = (
			);
			name = "Swift Gen";
			outputFileListPaths = (
			);
			outputPaths = (
			);
			runOnlyForDeploymentPostprocessing = 0;
			shellPath = /bin/sh;
			shellScript = "# Type a script or drag a script file from your workspace to insert its path.\nif which swiftgen >/dev/null; then\n  swiftgen\nelse\n  echo \"warning: SwiftGen not installed, download it from https://github.com/SwiftGen/SwiftGen\"\nfi\n";
		};
/* End PBXShellScriptBuildPhase section */

/* Begin PBXSourcesBuildPhase section */
		60A9E2FF25F6478D00FA27C5 /* Sources */ = {
			isa = PBXSourcesBuildPhase;
			buildActionMask = 2147483647;
			files = (
				60A9E3A425F67BE700FA27C5 /* NetworkServiceType.swift in Sources */,
				60A9E30925F6478D00FA27C5 /* ContentView.swift in Sources */,
				60A9E3D825F6CA3500FA27C5 /* News.swift in Sources */,
				60A9E30725F6478D00FA27C5 /* NewsAppApp.swift in Sources */,
				6069BAE125FE4D0A0015C454 /* ApiConstants.swift in Sources */,
				60730B5225FF6042005979B3 /* ImageContentView.swift in Sources */,
				6069BAC825FE3CF40015C454 /* Spinner.swift in Sources */,
				6069BAD125FE4AB30015C454 /* State.swift in Sources */,
				60A9E3AD25F67C3100FA27C5 /* Resource.swift in Sources */,
				60A9E3C025F67E5300FA27C5 /* Publisher+Utils.swift in Sources */,
				60730B5725FF68DA005979B3 /* NewsDetailsViewModel.swift in Sources */,
				60730B6625FF77EC005979B3 /* PullToRefreshView.swift in Sources */,
				6069BAEB25FE68CF0015C454 /* NewsDetails.swift in Sources */,
				60A9E3BA25F67C5100FA27C5 /* NetworkService.swift in Sources */,
				60A9E39C25F6519E00FA27C5 /* Assets.swift in Sources */,
				6069BAD925FE4B7F0015C454 /* Resource+News.swift in Sources */,
				60730B4D25FF5CD7005979B3 /* DiscriptionContentView.swift in Sources */,
				603F0A9A25F7AF860045AAD4 /* CardView.swift in Sources */,
				60A9E3D225F6C8CD00FA27C5 /* NewsListViewModel.swift in Sources */,
				6069BABC25FCF3570015C454 /* NewsUseCase.swift in Sources */,
				603F0A9F25F7CDE60045AAD4 /* DraftFile.swift in Sources */,
			);
			runOnlyForDeploymentPostprocessing = 0;
		};
		60A9E31025F6478F00FA27C5 /* Sources */ = {
			isa = PBXSourcesBuildPhase;
			buildActionMask = 2147483647;
			files = (
			);
			runOnlyForDeploymentPostprocessing = 0;
		};
		60A9E31B25F6478F00FA27C5 /* Sources */ = {
			isa = PBXSourcesBuildPhase;
			buildActionMask = 2147483647;
			files = (
			);
			runOnlyForDeploymentPostprocessing = 0;
		};
/* End PBXSourcesBuildPhase section */

/* Begin PBXTargetDependency section */
		60A9E31625F6478F00FA27C5 /* PBXTargetDependency */ = {
			isa = PBXTargetDependency;
			target = 60A9E30225F6478D00FA27C5 /* NewsApp */;
			targetProxy = 60A9E31525F6478F00FA27C5 /* PBXContainerItemProxy */;
		};
		60A9E32125F6478F00FA27C5 /* PBXTargetDependency */ = {
			isa = PBXTargetDependency;
			target = 60A9E30225F6478D00FA27C5 /* NewsApp */;
			targetProxy = 60A9E32025F6478F00FA27C5 /* PBXContainerItemProxy */;
		};
/* End PBXTargetDependency section */

/* Begin XCBuildConfiguration section */
		60A9E32625F6478F00FA27C5 /* Debug */ = {
			isa = XCBuildConfiguration;
			buildSettings = {
				ALWAYS_SEARCH_USER_PATHS = NO;
				CLANG_ANALYZER_NONNULL = YES;
				CLANG_ANALYZER_NUMBER_OBJECT_CONVERSION = YES_AGGRESSIVE;
				CLANG_CXX_LANGUAGE_STANDARD = "gnu++14";
				CLANG_CXX_LIBRARY = "libc++";
				CLANG_ENABLE_MODULES = YES;
				CLANG_ENABLE_OBJC_ARC = YES;
				CLANG_ENABLE_OBJC_WEAK = YES;
				CLANG_WARN_BLOCK_CAPTURE_AUTORELEASING = YES;
				CLANG_WARN_BOOL_CONVERSION = YES;
				CLANG_WARN_COMMA = YES;
				CLANG_WARN_CONSTANT_CONVERSION = YES;
				CLANG_WARN_DEPRECATED_OBJC_IMPLEMENTATIONS = YES;
				CLANG_WARN_DIRECT_OBJC_ISA_USAGE = YES_ERROR;
				CLANG_WARN_DOCUMENTATION_COMMENTS = YES;
				CLANG_WARN_EMPTY_BODY = YES;
				CLANG_WARN_ENUM_CONVERSION = YES;
				CLANG_WARN_INFINITE_RECURSION = YES;
				CLANG_WARN_INT_CONVERSION = YES;
				CLANG_WARN_NON_LITERAL_NULL_CONVERSION = YES;
				CLANG_WARN_OBJC_IMPLICIT_RETAIN_SELF = YES;
				CLANG_WARN_OBJC_LITERAL_CONVERSION = YES;
				CLANG_WARN_OBJC_ROOT_CLASS = YES_ERROR;
				CLANG_WARN_QUOTED_INCLUDE_IN_FRAMEWORK_HEADER = YES;
				CLANG_WARN_RANGE_LOOP_ANALYSIS = YES;
				CLANG_WARN_STRICT_PROTOTYPES = YES;
				CLANG_WARN_SUSPICIOUS_MOVE = YES;
				CLANG_WARN_UNGUARDED_AVAILABILITY = YES_AGGRESSIVE;
				CLANG_WARN_UNREACHABLE_CODE = YES;
				CLANG_WARN__DUPLICATE_METHOD_MATCH = YES;
				COPY_PHASE_STRIP = NO;
				DEBUG_INFORMATION_FORMAT = dwarf;
				ENABLE_STRICT_OBJC_MSGSEND = YES;
				ENABLE_TESTABILITY = YES;
				GCC_C_LANGUAGE_STANDARD = gnu11;
				GCC_DYNAMIC_NO_PIC = NO;
				GCC_NO_COMMON_BLOCKS = YES;
				GCC_OPTIMIZATION_LEVEL = 0;
				GCC_PREPROCESSOR_DEFINITIONS = (
					"DEBUG=1",
					"$(inherited)",
				);
				GCC_WARN_64_TO_32_BIT_CONVERSION = YES;
				GCC_WARN_ABOUT_RETURN_TYPE = YES_ERROR;
				GCC_WARN_UNDECLARED_SELECTOR = YES;
				GCC_WARN_UNINITIALIZED_AUTOS = YES_AGGRESSIVE;
				GCC_WARN_UNUSED_FUNCTION = YES;
				GCC_WARN_UNUSED_VARIABLE = YES;
				IPHONEOS_DEPLOYMENT_TARGET = 14.3;
				MTL_ENABLE_DEBUG_INFO = INCLUDE_SOURCE;
				MTL_FAST_MATH = YES;
				ONLY_ACTIVE_ARCH = YES;
				SDKROOT = iphoneos;
				SWIFT_ACTIVE_COMPILATION_CONDITIONS = DEBUG;
				SWIFT_OPTIMIZATION_LEVEL = "-Onone";
			};
			name = Debug;
		};
		60A9E32725F6478F00FA27C5 /* Release */ = {
			isa = XCBuildConfiguration;
			buildSettings = {
				ALWAYS_SEARCH_USER_PATHS = NO;
				CLANG_ANALYZER_NONNULL = YES;
				CLANG_ANALYZER_NUMBER_OBJECT_CONVERSION = YES_AGGRESSIVE;
				CLANG_CXX_LANGUAGE_STANDARD = "gnu++14";
				CLANG_CXX_LIBRARY = "libc++";
				CLANG_ENABLE_MODULES = YES;
				CLANG_ENABLE_OBJC_ARC = YES;
				CLANG_ENABLE_OBJC_WEAK = YES;
				CLANG_WARN_BLOCK_CAPTURE_AUTORELEASING = YES;
				CLANG_WARN_BOOL_CONVERSION = YES;
				CLANG_WARN_COMMA = YES;
				CLANG_WARN_CONSTANT_CONVERSION = YES;
				CLANG_WARN_DEPRECATED_OBJC_IMPLEMENTATIONS = YES;
				CLANG_WARN_DIRECT_OBJC_ISA_USAGE = YES_ERROR;
				CLANG_WARN_DOCUMENTATION_COMMENTS = YES;
				CLANG_WARN_EMPTY_BODY = YES;
				CLANG_WARN_ENUM_CONVERSION = YES;
				CLANG_WARN_INFINITE_RECURSION = YES;
				CLANG_WARN_INT_CONVERSION = YES;
				CLANG_WARN_NON_LITERAL_NULL_CONVERSION = YES;
				CLANG_WARN_OBJC_IMPLICIT_RETAIN_SELF = YES;
				CLANG_WARN_OBJC_LITERAL_CONVERSION = YES;
				CLANG_WARN_OBJC_ROOT_CLASS = YES_ERROR;
				CLANG_WARN_QUOTED_INCLUDE_IN_FRAMEWORK_HEADER = YES;
				CLANG_WARN_RANGE_LOOP_ANALYSIS = YES;
				CLANG_WARN_STRICT_PROTOTYPES = YES;
				CLANG_WARN_SUSPICIOUS_MOVE = YES;
				CLANG_WARN_UNGUARDED_AVAILABILITY = YES_AGGRESSIVE;
				CLANG_WARN_UNREACHABLE_CODE = YES;
				CLANG_WARN__DUPLICATE_METHOD_MATCH = YES;
				COPY_PHASE_STRIP = NO;
				DEBUG_INFORMATION_FORMAT = "dwarf-with-dsym";
				ENABLE_NS_ASSERTIONS = NO;
				ENABLE_STRICT_OBJC_MSGSEND = YES;
				GCC_C_LANGUAGE_STANDARD = gnu11;
				GCC_NO_COMMON_BLOCKS = YES;
				GCC_WARN_64_TO_32_BIT_CONVERSION = YES;
				GCC_WARN_ABOUT_RETURN_TYPE = YES_ERROR;
				GCC_WARN_UNDECLARED_SELECTOR = YES;
				GCC_WARN_UNINITIALIZED_AUTOS = YES_AGGRESSIVE;
				GCC_WARN_UNUSED_FUNCTION = YES;
				GCC_WARN_UNUSED_VARIABLE = YES;
				IPHONEOS_DEPLOYMENT_TARGET = 14.3;
				MTL_ENABLE_DEBUG_INFO = NO;
				MTL_FAST_MATH = YES;
				SDKROOT = iphoneos;
				SWIFT_COMPILATION_MODE = wholemodule;
				SWIFT_OPTIMIZATION_LEVEL = "-O";
				VALIDATE_PRODUCT = YES;
			};
			name = Release;
		};
		60A9E32925F6478F00FA27C5 /* Debug */ = {
			isa = XCBuildConfiguration;
			buildSettings = {
				ASSETCATALOG_COMPILER_APPICON_NAME = AppIcon;
				ASSETCATALOG_COMPILER_GLOBAL_ACCENT_COLOR_NAME = AccentColor;
				CODE_SIGN_STYLE = Automatic;
				DEVELOPMENT_ASSET_PATHS = "\"NewsApp/Preview Content\"";
				DEVELOPMENT_TEAM = 2C86JD592M;
				ENABLE_PREVIEWS = YES;
				INFOPLIST_FILE = NewsApp/Info.plist;
				IPHONEOS_DEPLOYMENT_TARGET = 14.0;
				LD_RUNPATH_SEARCH_PATHS = (
					"$(inherited)",
					"@executable_path/Frameworks",
				);
				PRODUCT_BUNDLE_IDENTIFIER = com.ibtikar.NewsApp;
				PRODUCT_NAME = "$(TARGET_NAME)";
				SWIFT_VERSION = 5.0;
				TARGETED_DEVICE_FAMILY = "1,2";
			};
			name = Debug;
		};
		60A9E32A25F6478F00FA27C5 /* Release */ = {
			isa = XCBuildConfiguration;
			buildSettings = {
				ASSETCATALOG_COMPILER_APPICON_NAME = AppIcon;
				ASSETCATALOG_COMPILER_GLOBAL_ACCENT_COLOR_NAME = AccentColor;
				CODE_SIGN_STYLE = Automatic;
				DEVELOPMENT_ASSET_PATHS = "\"NewsApp/Preview Content\"";
				DEVELOPMENT_TEAM = 2C86JD592M;
				ENABLE_PREVIEWS = YES;
				INFOPLIST_FILE = NewsApp/Info.plist;
				IPHONEOS_DEPLOYMENT_TARGET = 14.0;
				LD_RUNPATH_SEARCH_PATHS = (
					"$(inherited)",
					"@executable_path/Frameworks",
				);
				PRODUCT_BUNDLE_IDENTIFIER = com.ibtikar.NewsApp;
				PRODUCT_NAME = "$(TARGET_NAME)";
				SWIFT_VERSION = 5.0;
				TARGETED_DEVICE_FAMILY = "1,2";
			};
			name = Release;
		};
		60A9E32C25F6478F00FA27C5 /* Debug */ = {
			isa = XCBuildConfiguration;
			buildSettings = {
				ALWAYS_EMBED_SWIFT_STANDARD_LIBRARIES = YES;
				BUNDLE_LOADER = "$(TEST_HOST)";
				CODE_SIGN_STYLE = Automatic;
				DEVELOPMENT_TEAM = 2C86JD592M;
				INFOPLIST_FILE = NewsAppTests/Info.plist;
				IPHONEOS_DEPLOYMENT_TARGET = 14.0;
				LD_RUNPATH_SEARCH_PATHS = (
					"$(inherited)",
					"@executable_path/Frameworks",
					"@loader_path/Frameworks",
				);
				PRODUCT_BUNDLE_IDENTIFIER = com.ibtikar.NewsAppTests;
				PRODUCT_NAME = "$(TARGET_NAME)";
				SWIFT_VERSION = 5.0;
				TARGETED_DEVICE_FAMILY = "1,2";
				TEST_HOST = "$(BUILT_PRODUCTS_DIR)/NewsApp.app/NewsApp";
			};
			name = Debug;
		};
		60A9E32D25F6478F00FA27C5 /* Release */ = {
			isa = XCBuildConfiguration;
			buildSettings = {
				ALWAYS_EMBED_SWIFT_STANDARD_LIBRARIES = YES;
				BUNDLE_LOADER = "$(TEST_HOST)";
				CODE_SIGN_STYLE = Automatic;
				DEVELOPMENT_TEAM = 2C86JD592M;
				INFOPLIST_FILE = NewsAppTests/Info.plist;
				IPHONEOS_DEPLOYMENT_TARGET = 14.0;
				LD_RUNPATH_SEARCH_PATHS = (
					"$(inherited)",
					"@executable_path/Frameworks",
					"@loader_path/Frameworks",
				);
				PRODUCT_BUNDLE_IDENTIFIER = com.ibtikar.NewsAppTests;
				PRODUCT_NAME = "$(TARGET_NAME)";
				SWIFT_VERSION = 5.0;
				TARGETED_DEVICE_FAMILY = "1,2";
				TEST_HOST = "$(BUILT_PRODUCTS_DIR)/NewsApp.app/NewsApp";
			};
			name = Release;
		};
		60A9E32F25F6478F00FA27C5 /* Debug */ = {
			isa = XCBuildConfiguration;
			buildSettings = {
				ALWAYS_EMBED_SWIFT_STANDARD_LIBRARIES = YES;
				CODE_SIGN_STYLE = Automatic;
				DEVELOPMENT_TEAM = 2C86JD592M;
				INFOPLIST_FILE = NewsAppUITests/Info.plist;
				LD_RUNPATH_SEARCH_PATHS = (
					"$(inherited)",
					"@executable_path/Frameworks",
					"@loader_path/Frameworks",
				);
				PRODUCT_BUNDLE_IDENTIFIER = com.ibtikar.NewsAppUITests;
				PRODUCT_NAME = "$(TARGET_NAME)";
				SWIFT_VERSION = 5.0;
				TARGETED_DEVICE_FAMILY = "1,2";
				TEST_TARGET_NAME = NewsApp;
			};
			name = Debug;
		};
		60A9E33025F6478F00FA27C5 /* Release */ = {
			isa = XCBuildConfiguration;
			buildSettings = {
				ALWAYS_EMBED_SWIFT_STANDARD_LIBRARIES = YES;
				CODE_SIGN_STYLE = Automatic;
				DEVELOPMENT_TEAM = 2C86JD592M;
				INFOPLIST_FILE = NewsAppUITests/Info.plist;
				LD_RUNPATH_SEARCH_PATHS = (
					"$(inherited)",
					"@executable_path/Frameworks",
					"@loader_path/Frameworks",
				);
				PRODUCT_BUNDLE_IDENTIFIER = com.ibtikar.NewsAppUITests;
				PRODUCT_NAME = "$(TARGET_NAME)";
				SWIFT_VERSION = 5.0;
				TARGETED_DEVICE_FAMILY = "1,2";
				TEST_TARGET_NAME = NewsApp;
			};
			name = Release;
		};
/* End XCBuildConfiguration section */

/* Begin XCConfigurationList section */
		60A9E2FE25F6478D00FA27C5 /* Build configuration list for PBXProject "NewsApp" */ = {
			isa = XCConfigurationList;
			buildConfigurations = (
				60A9E32625F6478F00FA27C5 /* Debug */,
				60A9E32725F6478F00FA27C5 /* Release */,
			);
			defaultConfigurationIsVisible = 0;
			defaultConfigurationName = Release;
		};
		60A9E32825F6478F00FA27C5 /* Build configuration list for PBXNativeTarget "NewsApp" */ = {
			isa = XCConfigurationList;
			buildConfigurations = (
				60A9E32925F6478F00FA27C5 /* Debug */,
				60A9E32A25F6478F00FA27C5 /* Release */,
			);
			defaultConfigurationIsVisible = 0;
			defaultConfigurationName = Release;
		};
		60A9E32B25F6478F00FA27C5 /* Build configuration list for PBXNativeTarget "NewsAppTests" */ = {
			isa = XCConfigurationList;
			buildConfigurations = (
				60A9E32C25F6478F00FA27C5 /* Debug */,
				60A9E32D25F6478F00FA27C5 /* Release */,
			);
			defaultConfigurationIsVisible = 0;
			defaultConfigurationName = Release;
		};
		60A9E32E25F6478F00FA27C5 /* Build configuration list for PBXNativeTarget "NewsAppUITests" */ = {
			isa = XCConfigurationList;
			buildConfigurations = (
				60A9E32F25F6478F00FA27C5 /* Debug */,
				60A9E33025F6478F00FA27C5 /* Release */,
			);
			defaultConfigurationIsVisible = 0;
			defaultConfigurationName = Release;
		};
/* End XCConfigurationList section */

/* Begin XCRemoteSwiftPackageReference section */
		603F0AA325F7F1F00045AAD4 /* XCRemoteSwiftPackageReference "Kingfisher" */ = {
			isa = XCRemoteSwiftPackageReference;
			repositoryURL = "https://github.com/onevcat/Kingfisher.git";
			requirement = {
				kind = upToNextMajorVersion;
				minimumVersion = 6.2.1;
			};
		};
/* End XCRemoteSwiftPackageReference section */

/* Begin XCSwiftPackageProductDependency section */
		603F0AA425F7F1F00045AAD4 /* Kingfisher */ = {
			isa = XCSwiftPackageProductDependency;
			package = 603F0AA325F7F1F00045AAD4 /* XCRemoteSwiftPackageReference "Kingfisher" */;
			productName = Kingfisher;
		};
/* End XCSwiftPackageProductDependency section */
	};
	rootObject = 60A9E2FB25F6478D00FA27C5 /* Project object */;
}
